
Microsoft Visual Studio Solution File, Format Version 12.00
# Visual Studio Version 16
VisualStudioVersion = 16.0.30104.148
MinimumVisualStudioVersion = 10.0.40219.1
Project("{2150E333-8FDC-42A3-9474-1A3956D46DE8}") = "Src", "Src", "{EA20610B-CE65-49F3-86E8-B854B74E26D1}"
EndProject
Project("{2150E333-8FDC-42A3-9474-1A3956D46DE8}") = "RevitFamilyBox.FaimilyManagementService.Server", "RevitFamilyBox.FaimilyManagementService.Server", "{9CF74B4D-A2F4-48FB-B6C7-695883CAB643}"
EndProject
Project("{FAE04EC0-301F-11D3-BF4B-00C04F79EFBC}") = "RevitFamilyBox.FamilyManagementService.Server", "src\RevitFamilyBox.FamilyManagementService.Server\RevitFamilyBox.FamilyManagementService.Server.csproj", "{C1991489-EC48-4842-9024-F4510D058EAA}"
EndProject
Global
	GlobalSection(SolutionConfigurationPlatforms) = preSolution
		Debug|Any CPU = Debug|Any CPU
		Release|Any CPU = Release|Any CPU
	EndGlobalSection
	GlobalSection(ProjectConfigurationPlatforms) = postSolution
		{C1991489-EC48-4842-9024-F4510D058EAA}.Debug|Any CPU.ActiveCfg = Debug|Any CPU
		{C1991489-EC48-4842-9024-F4510D058EAA}.Debug|Any CPU.Build.0 = Debug|Any CPU
		{C1991489-EC48-4842-9024-F4510D058EAA}.Release|Any CPU.ActiveCfg = Release|Any CPU
		{C1991489-EC48-4842-9024-F4510D058EAA}.Release|Any CPU.Build.0 = Release|Any CPU
	EndGlobalSection
	GlobalSection(SolutionProperties) = preSolution
		HideSolutionNode = FALSE
	EndGlobalSection
	GlobalSection(ExtensibilityGlobals) = postSolution
		SolutionGuid = {4B5A12FE-B19B-4D8B-BFC5-0DD7B392444E}
	EndGlobalSection
	GlobalSection(NestedProjects) = preSolution
		{9CF74B4D-A2F4-48FB-B6C7-695883CAB643} = {EA20610B-CE65-49F3-86E8-B854B74E26D1}
		{C1991489-EC48-4842-9024-F4510D058EAA} = {9CF74B4D-A2F4-48FB-B6C7-695883CAB643}
	EndGlobalSection
EndGlobal
